{
  "name": "eth-net-intelligence-api",
  "version": "0.1.1",
  "lockfileVersion": 1,
  "requires": true,
  "dependencies": {
    "access-control": {
      "version": "1.0.1",
      "resolved": "https://registry.npmjs.org/access-control/-/access-control-1.0.1.tgz",
      "integrity": "sha512-H5aqjkogmFxfaOrfn/e42vyspHVXuJ8er63KuljJXpOyJ1ZO/U5CrHfO8BLKIy2w7mBM02L5quL0vbfQqrGQbA==",
      "requires": {
        "millisecond": "0.1.2",
        "setheader": "1.0.1",
        "vary": "1.1.2"
      },
      "dependencies": {
        "setheader": {
          "version": "1.0.1",
          "resolved": "https://registry.npmjs.org/setheader/-/setheader-1.0.1.tgz",
          "integrity": "sha512-iNDik8ipRBZHfpbpdWlhfZxc0JM9Cg4NYo8jqBkjSRLPxvcgnrE9oiF3AhpFvypg2erVyWNS+QhykhQt0G9tpA==",
          "requires": {
            "diagnostics": "1.0.1"
          }
        }
      }
    },
    "ansi-regex": {
      "version": "2.1.1",
      "resolved": "https://registry.npmjs.org/ansi-regex/-/ansi-regex-2.1.1.tgz",
      "integrity": "sha1-w7M6te42DYbg5ijwRorn7yfWVN8="
    },
    "ansi-styles": {
      "version": "2.2.1",
      "resolved": "https://registry.npmjs.org/ansi-styles/-/ansi-styles-2.2.1.tgz",
      "integrity": "sha1-tDLdM1i2NM914eRmQ2gkBTPB3b4="
    },
    "async": {
      "version": "1.5.2",
      "resolved": "https://registry.npmjs.org/async/-/async-1.5.2.tgz",
      "integrity": "sha1-7GphrlZIDAw8skHJVhjiCJL5Zyo="
    },
    "asyncemit": {
      "version": "3.0.1",
      "resolved": "https://registry.npmjs.org/asyncemit/-/asyncemit-3.0.1.tgz",
      "integrity": "sha1-zD4P4No5tTzBXls6qGFupqcr1Zk="
    },
    "bignumber.js": {
      "version": "git+https://github.com/debris/bignumber.js.git#c7a38de919ed75e6fb6ba38051986e294b328df9"
    },
    "chalk": {
      "version": "1.1.3",
      "resolved": "https://registry.npmjs.org/chalk/-/chalk-1.1.3.tgz",
      "integrity": "sha1-qBFcVeSnAv5NFQq9OHKCKn4J/Jg=",
      "requires": {
        "ansi-styles": "2.2.1",
        "escape-string-regexp": "1.0.5",
        "has-ansi": "2.0.0",
        "strip-ansi": "3.0.1",
        "supports-color": "2.0.0"
      }
    },
    "color": {
      "version": "0.8.0",
      "resolved": "https://registry.npmjs.org/color/-/color-0.8.0.tgz",
      "integrity": "sha1-iQwHw/1OZJU3Y4kRz2keVFi2/KU=",
      "requires": {
        "color-convert": "0.5.3",
        "color-string": "0.3.0"
      }
    },
    "color-convert": {
      "version": "0.5.3",
      "resolved": "https://registry.npmjs.org/color-convert/-/color-convert-0.5.3.tgz",
      "integrity": "sha1-vbbGnOZg+t/+CwAHzER+G59ygr0="
    },
    "color-name": {
      "version": "1.1.4",
      "resolved": "https://registry.npmjs.org/color-name/-/color-name-1.1.4.tgz",
      "integrity": "sha512-dOy+3AuW3a2wNbZHIuMZpTcgjGuLU/uBL/ubcZF9OXbDo8ff4O8yVp5Bf0efS8uEoYo5q4Fx7dY9OgQGXgAsQA=="
    },
    "color-string": {
      "version": "0.3.0",
      "resolved": "https://registry.npmjs.org/color-string/-/color-string-0.3.0.tgz",
      "integrity": "sha1-J9RvtnAlxcL6JZk7+/V55HhBuZE=",
      "requires": {
        "color-name": "1.1.4"
      }
    },
    "colornames": {
      "version": "0.0.2",
      "resolved": "https://registry.npmjs.org/colornames/-/colornames-0.0.2.tgz",
      "integrity": "sha1-2BH9bIT1kClJmorEQ2ICk1uSvjE="
    },
    "colorspace": {
      "version": "1.0.1",
      "resolved": "https://registry.npmjs.org/colorspace/-/colorspace-1.0.1.tgz",
      "integrity": "sha1-yZx5btMRKLmHalLh7l7gOkpxl0k=",
      "requires": {
        "color": "0.8.0",
        "text-hex": "0.0.0"
      }
    },
    "connected": {
      "version": "0.0.2",
      "resolved": "https://registry.npmjs.org/connected/-/connected-0.0.2.tgz",
      "integrity": "sha1-e1dVshbOMf+rzMOOn04d/Bw7fG0="
    },
    "create-server": {
      "version": "1.0.2",
      "resolved": "https://registry.npmjs.org/create-server/-/create-server-1.0.2.tgz",
      "integrity": "sha512-hie+Kyero+jxt6dwKhLKtN23qSNiMn8mNIEjTjwzaZwH2y4tr4nYloeFrpadqV+ZqV9jQ15t3AKotaK8dOo45w==",
      "requires": {
        "connected": "0.0.2"
      }
    },
    "crypto-js": {
      "version": "3.1.8",
      "resolved": "https://registry.npmjs.org/crypto-js/-/crypto-js-3.1.8.tgz",
      "integrity": "sha1-cV8HC/YBTyrpkqmLOSkli3E/CNU="
    },
    "date-now": {
      "version": "1.0.1",
      "resolved": "https://registry.npmjs.org/date-now/-/date-now-1.0.1.tgz",
      "integrity": "sha1-u30IZDjevkGCpIX7PfP7+5nWFTw="
    },
    "debounce": {
      "version": "1.0.0",
      "resolved": "https://registry.npmjs.org/debounce/-/debounce-1.0.0.tgz",
      "integrity": "sha1-CUivUT0uTOQHkW+FBqQj0/nPctg=",
      "requires": {
        "date-now": "1.0.1"
      }
    },
    "debug": {
      "version": "2.2.0",
      "resolved": "https://registry.npmjs.org/debug/-/debug-2.2.0.tgz",
      "integrity": "sha1-+HBX6ZWxofauaklgZkE3vFbwOdo=",
      "requires": {
        "ms": "0.7.1"
      }
    },
    "demolish": {
      "version": "1.0.2",
      "resolved": "https://registry.npmjs.org/demolish/-/demolish-1.0.2.tgz",
      "integrity": "sha1-VFDAsNrIUNjYL/c4h2/Tz5C+UPE="
    },
    "diagnostics": {
      "version": "1.0.1",
      "resolved": "https://registry.npmjs.org/diagnostics/-/diagnostics-1.0.1.tgz",
      "integrity": "sha1-rM2wgMgrsl0N1zQwqeaof7tDFUE=",
      "requires": {
        "colorspace": "1.0.1",
        "enabled": "1.0.2",
        "kuler": "0.0.0"
      }
    },
    "emits": {
      "version": "3.0.0",
      "resolved": "https://registry.npmjs.org/emits/-/emits-3.0.0.tgz",
      "integrity": "sha1-MnUrupXhcHshlWI4Srm7ix/WL3A="
    },
    "enabled": {
      "version": "1.0.2",
      "resolved": "https://registry.npmjs.org/enabled/-/enabled-1.0.2.tgz",
      "integrity": "sha1-ll9lE9LC0cX0ZStkouM5ZGf8L5M=",
      "requires": {
        "env-variable": "0.0.5"
      }
    },
    "env-variable": {
      "version": "0.0.5",
      "resolved": "https://registry.npmjs.org/env-variable/-/env-variable-0.0.5.tgz",
      "integrity": "sha512-zoB603vQReOFvTg5xMl9I1P2PnHsHQQKTEowsKKD7nseUfJq6UWzK+4YtlWUO1nhiQUxe6XMkk+JleSZD1NZFA=="
    },
    "escape-string-regexp": {
      "version": "1.0.5",
      "resolved": "https://registry.npmjs.org/escape-string-regexp/-/escape-string-regexp-1.0.5.tgz",
      "integrity": "sha1-G2HAViGQqN/2rjuyzwIAyhMLhtQ="
    },
    "eventemitter3": {
      "version": "1.1.1",
      "resolved": "https://registry.npmjs.org/eventemitter3/-/eventemitter3-1.1.1.tgz",
      "integrity": "sha1-R3hr2qCHyvext15zq8XH1UAVjNA="
    },
    "extendible": {
      "version": "0.1.1",
      "resolved": "https://registry.npmjs.org/extendible/-/extendible-0.1.1.tgz",
      "integrity": "sha1-4qN+2HEp+0+VM+io11BiMKU5yQU="
    },
    "forwarded-for": {
      "version": "1.0.1",
      "resolved": "https://registry.npmjs.org/forwarded-for/-/forwarded-for-1.0.1.tgz",
      "integrity": "sha1-59pIFAJRaP/AoQ0/954UFfRq9Gk="
    },
    "fusing": {
      "version": "1.0.0",
      "resolved": "https://registry.npmjs.org/fusing/-/fusing-1.0.0.tgz",
      "integrity": "sha1-VQwV12r5Jld4qgUezkTUAAoJjUU=",
      "requires": {
        "emits": "3.0.0",
        "predefine": "0.1.2"
      }
    },
    "has-ansi": {
      "version": "2.0.0",
      "resolved": "https://registry.npmjs.org/has-ansi/-/has-ansi-2.0.0.tgz",
      "integrity": "sha1-NPUEnOHs3ysGSa8+8k5F7TVBbZE=",
      "requires": {
        "ansi-regex": "2.1.1"
      }
    },
    "kuler": {
      "version": "0.0.0",
      "resolved": "https://registry.npmjs.org/kuler/-/kuler-0.0.0.tgz",
      "integrity": "sha1-tmu0a5NOVQ9Z2BiEjgq7pPf1VTw=",
      "requires": {
        "colornames": "0.0.2"
      }
    },
    "load": {
      "version": "1.0.2",
      "resolved": "https://registry.npmjs.org/load/-/load-1.0.2.tgz",
      "integrity": "sha1-nfTN2vnh3JIHTkvIJc1yS5IdO0o="
    },
    "lodash": {
      "version": "4.1.0",
      "resolved": "https://registry.npmjs.org/lodash/-/lodash-4.1.0.tgz",
      "integrity": "sha1-KZiUKD3gGp7vvt/0xLmwCmoubpY="
    },
    "millisecond": {
      "version": "0.1.2",
      "resolved": "https://registry.npmjs.org/millisecond/-/millisecond-0.1.2.tgz",
      "integrity": "sha1-bMWtOGJByrjniv+WT4cCjuyS2sU="
    },
    "ms": {
      "version": "0.7.1",
      "resolved": "https://registry.npmjs.org/ms/-/ms-0.7.1.tgz",
      "integrity": "sha1-nNE8A62/8ltl7/3nzoZO6VIBcJg="
    },
    "one-time": {
      "version": "0.0.4",
      "resolved": "https://registry.npmjs.org/one-time/-/one-time-0.0.4.tgz",
      "integrity": "sha1-+M33eISCb+Tf+T46nMN7HkSAdC4="
    },
    "options": {
      "version": "0.0.6",
      "resolved": "https://registry.npmjs.org/options/-/options-0.0.6.tgz",
      "integrity": "sha1-7CLTEoBrtT5zF3Pnza788cZDEo8="
    },
    "predefine": {
      "version": "0.1.2",
      "resolved": "https://registry.npmjs.org/predefine/-/predefine-0.1.2.tgz",
      "integrity": "sha1-KqkrRJa8H4VU5DpF92v75Q0z038=",
      "requires": {
        "extendible": "0.1.1"
      }
    },
    "primus": {
      "version": "4.0.5",
      "resolved": "https://registry.npmjs.org/primus/-/primus-4.0.5.tgz",
      "integrity": "sha1-7ZcjKLy0qj3buANLobfHdPwlGGU=",
      "requires": {
        "access-control": "1.0.1",
        "asyncemit": "3.0.1",
        "create-server": "1.0.2",
        "demolish": "1.0.2",
        "diagnostics": "1.0.1",
        "emits": "3.0.0",
        "eventemitter3": "1.1.1",
        "forwarded-for": "1.0.1",
        "fusing": "1.0.0",
        "load": "1.0.2",
        "querystringify": "0.0.4",
        "recovery": "0.2.6",
        "setheader": "0.0.4",
        "tick-tock": "1.0.0",
        "ultron": "1.0.2",
        "url-parse": "1.0.5",
        "yeast": "0.1.2"
      }
    },
    "primus-emit": {
      "version": "1.0.0",
      "resolved": "https://registry.npmjs.org/primus-emit/-/primus-emit-1.0.0.tgz",
      "integrity": "sha1-5LIxaHBsvqfLpjC0goBtv/30w+k="
    },
    "primus-spark-latency": {
      "version": "0.1.1",
      "resolved": "https://registry.npmjs.org/primus-spark-latency/-/primus-spark-latency-0.1.1.tgz",
      "integrity": "sha1-Mo04R2esLUriKvBr3SWwx4U9KZE="
    },
    "querystringify": {
      "version": "0.0.4",
      "resolved": "https://registry.npmjs.org/querystringify/-/querystringify-0.0.4.tgz",
      "integrity": "sha1-DPf4T5Rj/wrlHExLFC2VvjdyTZw="
    },
    "recovery": {
      "version": "0.2.6",
      "resolved": "https://registry.npmjs.org/recovery/-/recovery-0.2.6.tgz",
      "integrity": "sha1-nPytnNTJK65qBxYsgsz/ua8Kmbk=",
      "requires": {
        "demolish": "1.0.2",
        "eventemitter3": "1.1.1",
        "millisecond": "0.1.2",
        "one-time": "0.0.4",
        "tick-tock": "1.0.0"
      }
    },
    "requires-port": {
      "version": "1.0.0",
      "resolved": "https://registry.npmjs.org/requires-port/-/requires-port-1.0.0.tgz",
      "integrity": "sha1-kl0mAdOaxIXgkc8NpcbmlNw9yv8="
    },
    "setheader": {
      "version": "0.0.4",
      "resolved": "https://registry.npmjs.org/setheader/-/setheader-0.0.4.tgz",
      "integrity": "sha1-km7SjPdiFJYgkx566j8blYFuxpQ=",
      "requires": {
        "debug": "0.7.4"
      },
      "dependencies": {
        "debug": {
          "version": "0.7.4",
          "resolved": "https://registry.npmjs.org/debug/-/debug-0.7.4.tgz",
          "integrity": "sha1-BuHqgILCyxTjmAbiLi9vdX+Srzk="
        }
      }
    },
    "strip-ansi": {
      "version": "3.0.1",
      "resolved": "https://registry.npmjs.org/strip-ansi/-/strip-ansi-3.0.1.tgz",
      "integrity": "sha1-ajhfuIU9lS1f8F0Oiq+UJ43GPc8=",
      "requires": {
        "ansi-regex": "2.1.1"
      }
    },
    "supports-color": {
      "version": "2.0.0",
      "resolved": "https://registry.npmjs.org/supports-color/-/supports-color-2.0.0.tgz",
      "integrity": "sha1-U10EXOa2Nj+kARcIRimZXp3zJMc="
    },
    "text-hex": {
      "version": "0.0.0",
      "resolved": "https://registry.npmjs.org/text-hex/-/text-hex-0.0.0.tgz",
      "integrity": "sha1-V4+8haapJjbkLdF7QdAhjM6esrM="
    },
    "tick-tock": {
      "version": "1.0.0",
      "resolved": "https://registry.npmjs.org/tick-tock/-/tick-tock-1.0.0.tgz",
      "integrity": "sha1-nE1ZZAZPlVGxj63tNN52rXwbpD4=",
      "requires": {
        "millisecond": "0.1.2"
      }
    },
    "ultron": {
      "version": "1.0.2",
      "resolved": "https://registry.npmjs.org/ultron/-/ultron-1.0.2.tgz",
      "integrity": "sha1-rOEWq1V80Zc4ak6I9GhTeMiy5Po="
    },
    "url-parse": {
      "version": "1.0.5",
      "resolved": "https://registry.npmjs.org/url-parse/-/url-parse-1.0.5.tgz",
      "integrity": "sha1-CFSGBCKv3P7+tsllxmLUgAFpkns=",
      "requires": {
        "querystringify": "0.0.4",
        "requires-port": "1.0.0"
      }
    },
    "utf8": {
      "version": "2.1.2",
      "resolved": "https://registry.npmjs.org/utf8/-/utf8-2.1.2.tgz",
      "integrity": "sha1-H6DZJw6b6FDZsFAn9jUZv0ZFfZY="
    },
    "vary": {
      "version": "1.1.2",
      "resolved": "https://registry.npmjs.org/vary/-/vary-1.1.2.tgz",
      "integrity": "sha1-IpnwLG3tMNSllhsLn3RSShj2NPw="
    },
    "web3": {
      "version": "0.15.3",
      "resolved": "https://registry.npmjs.org/web3/-/web3-0.15.3.tgz",
      "integrity": "sha1-+ZfM2kGfxSjA1sXY1TgiEr+nRig=",
      "requires": {
        "bignumber.js": "git+https://github.com/debris/bignumber.js.git#c7a38de919ed75e6fb6ba38051986e294b328df9",
        "crypto-js": "3.1.8",
        "utf8": "2.1.2",
        "xmlhttprequest": "1.8.0"
      }
    },
    "ws": {
      "version": "1.1.5",
      "resolved": "https://registry.npmjs.org/ws/-/ws-1.1.5.tgz",
      "integrity": "sha512-o3KqipXNUdS7wpQzBHSe180lBGO60SoK0yVo3CYJgb2MkobuWuBX6dhkYP5ORCLd55y+SaflMOV5fqAB53ux4w==",
      "requires": {
        "options": "0.0.6",
        "ultron": "1.0.2"
      }
    },
    "xmlhttprequest": {
      "version": "1.8.0",
      "resolved": "https://registry.npmjs.org/xmlhttprequest/-/xmlhttprequest-1.8.0.tgz",
      "integrity": "sha1-Z/4HXFwk/vOfnWX197f+dRcZaPw="
    },
    "yeast": {
      "version": "0.1.2",
      "resolved": "https://registry.npmjs.org/yeast/-/yeast-0.1.2.tgz",
      "integrity": "sha1-AI4G2AlDIMNy28L47XagymyKxBk="
    }
  }
}
